
Microsoft Visual Studio Solution File, Format Version 12.00
# Visual Studio 15
VisualStudioVersion = 15.0.28307.1738
MinimumVisualStudioVersion = 10.0.40219.1
Project("{FAE04EC0-301F-11D3-BF4B-00C04F79EFBC}") = "newcrudapp", "newcrudapp\newcrudapp.csproj", "{C0E62F0F-FA4C-4AB5-AE7F-812876A06101}"
EndProject
Global
	GlobalSection(SolutionConfigurationPlatforms) = preSolution
		Debug|Any CPU = Debug|Any CPU
		Release|Any CPU = Release|Any CPU
	EndGlobalSection
	GlobalSection(ProjectConfigurationPlatforms) = postSolution
		{C0E62F0F-FA4C-4AB5-AE7F-812876A06101}.Debug|Any CPU.ActiveCfg = Debug|Any CPU
		{C0E62F0F-FA4C-4AB5-AE7F-812876A06101}.Debug|Any CPU.Build.0 = Debug|Any CPU
		{C0E62F0F-FA4C-4AB5-AE7F-812876A06101}.Release|Any CPU.ActiveCfg = Release|Any CPU
		{C0E62F0F-FA4C-4AB5-AE7F-812876A06101}.Release|Any CPU.Build.0 = Release|Any CPU
	EndGlobalSection
	GlobalSection(SolutionProperties) = preSolution
		HideSolutionNode = FALSE
	EndGlobalSection
	GlobalSection(ExtensibilityGlobals) = postSolution
		SolutionGuid = {54F905E1-2287-46DD-A6E8-86B2BA7606D1}
	EndGlobalSection
EndGlobal
